# THIS IS AN AUTOGENERATED FILE. DO NOT EDIT THIS FILE DIRECTLY.
# yarn lockfile v1


prettier-airbnb-config@^1.0.0:
  version "1.0.0"
  resolved "https://registry.yarnpkg.com/prettier-airbnb-config/-/prettier-airbnb-config-1.0.0.tgz#a070740d421b3a59ad31f032d467cfbb6fafc5d1"
  integrity sha512-FsEe38fJftYi19AskzuOWbw8zBnXDcZwv2Uw8BI65ROyK4hE6+iojXVFu+FiYNfrRBL+UZJbl2XGk56Ur2QGsA==

prettier@^2.5.1:
  version "2.5.1"
  resolved "https://registry.yarnpkg.com/prettier/-/prettier-2.5.1.tgz#fff75fa9d519c54cf0fce328c1017d94546bc56a"
  integrity sha512-vBZcPRUR5MZJwoyi3ZoyQlc1rXeEck8KgeC9AwwOn+exuxLxq5toTRDTSaVrXHxelDMHy9zlicw8u66yxoSUFg==
