# THIS IS AN AUTOGENERATED FILE. DO NOT EDIT THIS FILE DIRECTLY.
# yarn lockfile v1


fsevents@~2.3.2:
  version "2.3.2"
  resolved "https://registry.yarnpkg.com/fsevents/-/fsevents-2.3.2.tgz#8a526f78b8fdf4623b709e0b975c52c24c02fd1a"
  integrity sha512-xiqMQR4xAeHTuB9uWm+fFRcIOgKBMiOBP+eXiyT7jsgVCq1bkVygt00oASowB7EdtpOHaaPgKt812P9ab+DDKA==

prettier-airbnb-config@^1.0.0:
  version "1.0.0"
  resolved "https://registry.yarnpkg.com/prettier-airbnb-config/-/prettier-airbnb-config-1.0.0.tgz#a070740d421b3a59ad31f032d467cfbb6fafc5d1"
  integrity sha512-FsEe38fJftYi19AskzuOWbw8zBnXDcZwv2Uw8BI65ROyK4hE6+iojXVFu+FiYNfrRBL+UZJbl2XGk56Ur2QGsA==

prettier@^2.5.1:
  version "2.5.1"
  resolved "https://registry.yarnpkg.com/prettier/-/prettier-2.5.1.tgz#fff75fa9d519c54cf0fce328c1017d94546bc56a"
  integrity sha512-vBZcPRUR5MZJwoyi3ZoyQlc1rXeEck8KgeC9AwwOn+exuxLxq5toTRDTSaVrXHxelDMHy9zlicw8u66yxoSUFg==

rollup@^2.68.0:
  version "2.68.0"
  resolved "https://registry.yarnpkg.com/rollup/-/rollup-2.68.0.tgz#6ccabfd649447f8f21d62bf41662e5caece3bd66"
  integrity sha512-XrMKOYK7oQcTio4wyTz466mucnd8LzkiZLozZ4Rz0zQD+HeX4nUK4B8GrTX/2EvN2/vBF/i2WnaXboPxo0JylA==
  optionalDependencies:
    fsevents "~2.3.2"
